# Pinned DEM build dependencies, Python 3.12; binary wheels only.
# SHA-256 values published by PyPI for the selected exact releases.
affine==3.0.1 \
    --hash=sha256:cda3b303325e7bf2bf34817e68753a0d1c4cacbdd451fe67c4878dc2ecbaa540
attrs==26.1.0 \
    --hash=sha256:c647aa4a12dfbad9333ca4e71fe62ddc36f4e63b2d260a37a8b83d2f043ac309
certifi==2026.7.22 \
    --hash=sha256:62f22742b58a1a33014a2b6b706588a8d7e2a88ae7bd1a6ebe8c992928483775
click==8.5.0 \
    --hash=sha256:255bc9599cf7748b4b1a446ccc735421bd08a2ae529a8b88597d3de5664ee360
numpy==2.5.3 \
    --hash=sha256:cb189f09db39283b26bfd061ec16189e14f71c6755207f72a0f7540867afe5b9 \
    --hash=sha256:f59a878c33d6b88122d80d239bb3b845d58708750b0cb06a09aebb9b18ec696c \
    --hash=sha256:a72f874bc9e10e4b8f80426fb49716d5141f64442a0c8418065093ec8017fbb0 \
    --hash=sha256:fc36dc566135b5eceec4cf89758fcb719266a019ef07dae1754ae7c9f617ef3e \
    --hash=sha256:76c2c1e6bfa5c84adc6434dfbf013aa92096a7985221762c8f11fedfd20fff58 \
    --hash=sha256:b7e18c623bb5c95acb3b3328861272816ba199fb531921c5d6d0b675f1fde9e3 \
    --hash=sha256:4f8929ee6c96bfbd7b4ed2032e0c03af86fe1826740ab61ddabf9072d06e57ff \
    --hash=sha256:b5d93cf48f687479941d12b69c873ad2cc76bbd487f0091c2200636497f34034 \
    --hash=sha256:bf63afbe037eb5d2fe87fbcc7778e61da53ebaf21d938a4515aa73b62532a5d4 \
    --hash=sha256:0a59a421a32580a009e8a1751345bf829631b990dc1794b80514ab722b435def \
    --hash=sha256:ccb32e0525d29e8b0572eb84c9a57af0e7a4e615726927506f55063c62414034
pillow==12.0.0 \
    --hash=sha256:53561a4ddc36facb432fae7a9d8afbfaf94795414f5cdc5fc52f28c1dca90371 \
    --hash=sha256:71db6b4c1653045dacc1585c1b0d184004f0d7e694c7b34ac165ca70c0838082 \
    --hash=sha256:2fa5f0b6716fc88f11380b88b31fe591a06c6315e955c096c35715788b339e3f \
    --hash=sha256:82240051c6ca513c616f7f9da06e871f61bfd7805f566275841af15015b8f98d \
    --hash=sha256:55f818bd74fe2f11d4d7cbc65880a843c4075e0ac7226bc1a23261dbea531953 \
    --hash=sha256:b87843e225e74576437fd5b6a4c2205d422754f84a06942cfaf1dc32243e45a8 \
    --hash=sha256:c607c90ba67533e1b2355b821fef6764d1dd2cbe26b8c1005ae84f7aea25ff79 \
    --hash=sha256:21f241bdd5080a15bc86d3466a9f6074a9c2c2b314100dd896ac81ee6db2f1ba \
    --hash=sha256:dd333073e0cacdc3089525c7df7d39b211bcdf31fc2824e49d01c6b6187b07d0 \
    --hash=sha256:9fe611163f6303d1619bbcb653540a4d60f9e55e622d60a3108be0d5b441017a \
    --hash=sha256:7dfb439562f234f7d57b1ac6bc8fe7f838a4bd49c79230e0f6a1da93e82f1fad
pyparsing==3.3.2 \
    --hash=sha256:850ba148bd908d7e2411587e247a1e4f0327839c40e2e5e6d05a007ecc69911d
rasterio==1.5.1 \
    --hash=sha256:c209e670abf0f30695a784c4f0170366462b9a3eaea3e49122ab2ce81799460b \
    --hash=sha256:833511f045ca49dafbf25da4762a0b19dcf5d046ded8b318c094363e2d65f474 \
    --hash=sha256:821d49afd18498fb0918b72961b1b667193c64edf8cc484081c522d10b33980d \
    --hash=sha256:a270366c4f44f7bb4367d7068b6de08c56b2b04049e3dfcd06d451141fee3a7f \
    --hash=sha256:6fbafe970d44ec06179c7884cdb160a90311e3d19da25bff970fab06123f0201 \
    --hash=sha256:e31b65231a631b0b59471aeae4423167d42f88da0c5ee5a519dc07deb7a4666b
